# This file is generated by running "yarn install" inside your project.
# Manual changes might be lost - proceed with caution!

__metadata:
  version: 8
  cacheKey: 10c0

"@babel/helper-string-parser@npm:^7.23.4":
  version: 7.24.1
  resolution: "@babel/helper-string-parser@npm:7.24.1"
  checksum: 10c0/2f9bfcf8d2f9f083785df0501dbab92770111ece2f90d120352fda6dd2a7d47db11b807d111e6f32aa1ba6d763fe2dc6603d153068d672a5d0ad33ca802632b2
  languageName: node
  linkType: hard

"@babel/helper-validator-identifier@npm:^7.16.7":
  version: 7.16.7
  resolution: "@babel/helper-validator-identifier@npm:7.16.7"
  checksum: 10c0/5dfeea422c375edef9bfc65c70e944091b487c937a1f4f49d473d812bf4d527c4b7730ab5542137b631b76bd6a68af37701620043d32fa42fda82d2fe064a75e
  languageName: node
  linkType: hard

"@babel/helper-validator-identifier@npm:^7.22.20":
  version: 7.22.20
  resolution: "@babel/helper-validator-identifier@npm:7.22.20"
  checksum: 10c0/dcad63db345fb110e032de46c3688384b0008a42a4845180ce7cd62b1a9c0507a1bed727c4d1060ed1a03ae57b4d918570259f81724aaac1a5b776056f37504e
  languageName: node
  linkType: hard

"@babel/parser@npm:^7.6.0, @babel/parser@npm:^7.9.6":
  version: 7.17.9
  resolution: "@babel/parser@npm:7.17.9"
  bin:
    parser: ./bin/babel-parser.js
  checksum: 10c0/a520c33deb47ec95edabecc12a5bf10a5619421bf1324e6762e4031ce11f52613a8617a341ee44a51361bad9bdc6fe140b5fd568594fe1120588d9f084298803
  languageName: node
  linkType: hard

"@babel/types@npm:^7.6.1, @babel/types@npm:^7.9.6":
  version: 7.17.0
  resolution: "@babel/types@npm:7.17.0"
  dependencies:
    "@babel/helper-validator-identifier": "npm:^7.16.7"
    to-fast-properties: "npm:^2.0.0"
  checksum: 10c0/ad09224272b40fedb00b262677d12b6838f5b5df5c47d67059ba1181bd4805439993393a8de32459dae137b536d60ebfcaf39ae84d8b3873f1e81cc75f5aeae8
  languageName: node
  linkType: hard

"@babel/types@npm:^7.8.3":
  version: 7.24.0
  resolution: "@babel/types@npm:7.24.0"
  dependencies:
    "@babel/helper-string-parser": "npm:^7.23.4"
    "@babel/helper-validator-identifier": "npm:^7.22.20"
    to-fast-properties: "npm:^2.0.0"
  checksum: 10c0/777a0bb5dbe038ca4c905fdafb1cdb6bdd10fe9d63ce13eca0bd91909363cbad554a53dc1f902004b78c1dcbc742056f877f2c99eeedff647333b1fadf51235d
  languageName: node
  linkType: hard

"acorn@npm:^7.1.1":
  version: 7.4.1
  resolution: "acorn@npm:7.4.1"
  bin:
    acorn: bin/acorn
  checksum: 10c0/bd0b2c2b0f334bbee48828ff897c12bd2eb5898d03bf556dcc8942022cec795ac5bb5b6b585e2de687db6231faf07e096b59a361231dd8c9344d5df5f7f0e526
  languageName: node
  linkType: hard

"asap@npm:~2.0.3":
  version: 2.0.6
  resolution: "asap@npm:2.0.6"
  checksum: 10c0/c6d5e39fe1f15e4b87677460bd66b66050cd14c772269cee6688824c1410a08ab20254bb6784f9afb75af9144a9f9a7692d49547f4d19d715aeb7c0318f3136d
  languageName: node
  linkType: hard

"assert-never@npm:^1.2.1":
  version: 1.2.1
  resolution: "assert-never@npm:1.2.1"
  checksum: 10c0/c720bb99cdb1bca427570524c38f6d953129ae15dc1943bbe446eba475e48acecc4bd24f968e5875e02d2c244c73891a92670beeda52837f1043b2643363ffc2
  languageName: node
  linkType: hard

"babel-walk@npm:3.0.0-canary-5":
  version: 3.0.0-canary-5
  resolution: "babel-walk@npm:3.0.0-canary-5"
  dependencies:
    "@babel/types": "npm:^7.9.6"
  checksum: 10c0/17b689874d15c37714cedf6797dd9321dcb998d8e0dda9a8fe8c8bbbf128bbdeb8935cf56e8630d6b67eae76d2a0bc1e470751e082c3b0e30b80d58beafb5e64
  languageName: node
  linkType: hard

"call-bind@npm:^1.0.2":
  version: 1.0.2
  resolution: "call-bind@npm:1.0.2"
  dependencies:
    function-bind: "npm:^1.1.1"
    get-intrinsic: "npm:^1.0.2"
  checksum: 10c0/74ba3f31e715456e22e451d8d098779b861eba3c7cac0d9b510049aced70d75c231ba05071f97e1812c98e34e2bee734c0c6126653e0088c2d9819ca047f4073
  languageName: node
  linkType: hard

"character-parser@npm:^2.2.0":
  version: 2.2.0
  resolution: "character-parser@npm:2.2.0"
  dependencies:
    is-regex: "npm:^1.0.3"
  checksum: 10c0/5a8d3eff2c912a6878c84e2ebf9d42524e858aa7e1a1c7e8bb79ab54da109ad008fe9057a9d2b3230541d7ff858eda98983a2ae15db57ba01af2e989d29e932e
  languageName: node
  linkType: hard

"constantinople@npm:^4.0.1":
  version: 4.0.1
  resolution: "constantinople@npm:4.0.1"
  dependencies:
    "@babel/parser": "npm:^7.6.0"
    "@babel/types": "npm:^7.6.1"
  checksum: 10c0/15129adef19b1af2c3ade8bd38f97c34781bf461472a30ab414384b28d072be83070c8d2175787c045ef7c222c415101ae609936e7903427796a0c0eca8449fd
  languageName: node
  linkType: hard

"doctypes@npm:^1.1.0":
  version: 1.1.0
  resolution: "doctypes@npm:1.1.0"
  checksum: 10c0/b3f9d597ad8b9ac6aeba9d64df61f0098174f7570e3d34f7ee245ebc736c7bee122d9738a18e22010b98983fd9a340d63043d3841f02d8a7742a2d96d2c72610
  languageName: node
  linkType: hard

"esbuild-plugin-pug@workspace:.":
  version: 0.0.0-use.local
  resolution: "esbuild-plugin-pug@workspace:."
  dependencies:
    pug: "npm:^3.0.2"
  languageName: unknown
  linkType: soft

"function-bind@npm:^1.1.1":
  version: 1.1.1
  resolution: "function-bind@npm:1.1.1"
  checksum: 10c0/60b74b2407e1942e1ed7f8c284f8ef714d0689dcfce5319985a5b7da3fc727f40b4a59ec72dc55aa83365ad7b8fa4fac3a30d93c850a2b452f29ae03dbc10a1e
  languageName: node
  linkType: hard

"get-intrinsic@npm:^1.0.2":
  version: 1.1.1
  resolution: "get-intrinsic@npm:1.1.1"
  dependencies:
    function-bind: "npm:^1.1.1"
    has: "npm:^1.0.3"
    has-symbols: "npm:^1.0.1"
  checksum: 10c0/c01055578e9b8da37a7779b18b732436c55d93e5ffa56b0fc4d3da8468ad89a25ce2343ba1945f20c0e78119bc7bb296fb59a0da521b6e43fd632de73376e040
  languageName: node
  linkType: hard

"has-symbols@npm:^1.0.1, has-symbols@npm:^1.0.2":
  version: 1.0.3
  resolution: "has-symbols@npm:1.0.3"
  checksum: 10c0/e6922b4345a3f37069cdfe8600febbca791c94988c01af3394d86ca3360b4b93928bbf395859158f88099cb10b19d98e3bbab7c9ff2c1bd09cf665ee90afa2c3
  languageName: node
  linkType: hard

"has-tostringtag@npm:^1.0.0":
  version: 1.0.0
  resolution: "has-tostringtag@npm:1.0.0"
  dependencies:
    has-symbols: "npm:^1.0.2"
  checksum: 10c0/1cdba76b7d13f65198a92b8ca1560ba40edfa09e85d182bf436d928f3588a9ebd260451d569f0ed1b849c4bf54f49c862aa0d0a77f9552b1855bb6deb526c011
  languageName: node
  linkType: hard

"has@npm:^1.0.3":
  version: 1.0.3
  resolution: "has@npm:1.0.3"
  dependencies:
    function-bind: "npm:^1.1.1"
  checksum: 10c0/e1da0d2bd109f116b632f27782cf23182b42f14972ca9540e4c5aa7e52647407a0a4a76937334fddcb56befe94a3494825ec22b19b51f5e5507c3153fd1a5e1b
  languageName: node
  linkType: hard

"is-core-module@npm:^2.8.1":
  version: 2.8.1
  resolution: "is-core-module@npm:2.8.1"
  dependencies:
    has: "npm:^1.0.3"
  checksum: 10c0/f1139970deb2ec159c54be154d35cd17d71b9b56c60221ff7c8c328ca7efe20b6d676cef43d08c21966e162bfd5068dcd0ce23e64c77b76a19824563ecd82e0e
  languageName: node
  linkType: hard

"is-expression@npm:^4.0.0":
  version: 4.0.0
  resolution: "is-expression@npm:4.0.0"
  dependencies:
    acorn: "npm:^7.1.1"
    object-assign: "npm:^4.1.1"
  checksum: 10c0/541831d39d3e7bfc8cecd966d6b0f3c0e6d9055342f17b634fb23e74f51ce90f1bfc3cf231c722fe003a61e8d4f0b9e07244fdaba57f4fc70a163c74006fd5a0
  languageName: node
  linkType: hard

"is-promise@npm:^2.0.0":
  version: 2.2.2
  resolution: "is-promise@npm:2.2.2"
  checksum: 10c0/2dba959812380e45b3df0fb12e7cb4d4528c989c7abb03ececb1d1fd6ab1cbfee956ca9daa587b9db1d8ac3c1e5738cf217bdb3dfd99df8c691be4c00ae09069
  languageName: node
  linkType: hard

"is-regex@npm:^1.0.3":
  version: 1.1.4
  resolution: "is-regex@npm:1.1.4"
  dependencies:
    call-bind: "npm:^1.0.2"
    has-tostringtag: "npm:^1.0.0"
  checksum: 10c0/bb72aae604a69eafd4a82a93002058c416ace8cde95873589a97fc5dac96a6c6c78a9977d487b7b95426a8f5073969124dd228f043f9f604f041f32fcc465fc1
  languageName: node
  linkType: hard

"js-stringify@npm:^1.0.2":
  version: 1.0.2
  resolution: "js-stringify@npm:1.0.2"
  checksum: 10c0/a450c04fde3a7e1c27f1c3c4300433f8d79322f9e3c2e76266843cef8c0b5a69b5f11b5f173212b2f15f2df09e068ef7ddf46ef775e2486f3006a6f4e912578d
  languageName: node
  linkType: hard

"jstransformer@npm:1.0.0":
  version: 1.0.0
  resolution: "jstransformer@npm:1.0.0"
  dependencies:
    is-promise: "npm:^2.0.0"
    promise: "npm:^7.0.1"
  checksum: 10c0/11f9b4f368a55878dd7973154cd83b0adca27f974d21217728652530775b2bec281e92109de66f0c9e37c76af796d5b76b33f3e38363214a83d102d523a7285b
  languageName: node
  linkType: hard

"object-assign@npm:^4.1.1":
  version: 4.1.1
  resolution: "object-assign@npm:4.1.1"
  checksum: 10c0/1f4df9945120325d041ccf7b86f31e8bcc14e73d29171e37a7903050e96b81323784ec59f93f102ec635bcf6fa8034ba3ea0a8c7e69fa202b87ae3b6cec5a414
  languageName: node
  linkType: hard

"path-parse@npm:^1.0.7":
  version: 1.0.7
  resolution: "path-parse@npm:1.0.7"
  checksum: 10c0/11ce261f9d294cc7a58d6a574b7f1b935842355ec66fba3c3fd79e0f036462eaf07d0aa95bb74ff432f9afef97ce1926c720988c6a7451d8a584930ae7de86e1
  languageName: node
  linkType: hard

"promise@npm:^7.0.1":
  version: 7.3.1
  resolution: "promise@npm:7.3.1"
  dependencies:
    asap: "npm:~2.0.3"
  checksum: 10c0/742e5c0cc646af1f0746963b8776299701ad561ce2c70b49365d62c8db8ea3681b0a1bf0d4e2fe07910bf72f02d39e51e8e73dc8d7503c3501206ac908be107f
  languageName: node
  linkType: hard

"pug-attrs@npm:^3.0.0":
  version: 3.0.0
  resolution: "pug-attrs@npm:3.0.0"
  dependencies:
    constantinople: "npm:^4.0.1"
    js-stringify: "npm:^1.0.2"
    pug-runtime: "npm:^3.0.0"
  checksum: 10c0/28178e91c05e8eb9130861c78dccc61eae3e1610931346065bd32ad0b08b023a8dcf2470c3b2409ba45a5098d6d7ed15687717e91cf77770c6381a18626e5194
  languageName: node
  linkType: hard

"pug-code-gen@npm:^3.0.2":
  version: 3.0.2
  resolution: "pug-code-gen@npm:3.0.2"
  dependencies:
    constantinople: "npm:^4.0.1"
    doctypes: "npm:^1.1.0"
    js-stringify: "npm:^1.0.2"
    pug-attrs: "npm:^3.0.0"
    pug-error: "npm:^2.0.0"
    pug-runtime: "npm:^3.0.0"
    void-elements: "npm:^3.1.0"
    with: "npm:^7.0.0"
  checksum: 10c0/a9b7f7fe1cadd16682f46b5de087f22cce1be3b48cbb7137da046b4912434143f1ffdb0e7a07e03fa961f3342f944d3eefbc1a50751f7561ae431720c29448fe
  languageName: node
  linkType: hard

"pug-error@npm:^2.0.0":
  version: 2.0.0
  resolution: "pug-error@npm:2.0.0"
  checksum: 10c0/f07d603f659e1cc27aef3f0cfa6c37608c7cc0611c1e55963a03d4eb78ef44982e8f0b1a703b5d5d5cece6409f13c8f3c337b2842299adc4caa64b0f747df517
  languageName: node
  linkType: hard

"pug-filters@npm:^4.0.0":
  version: 4.0.0
  resolution: "pug-filters@npm:4.0.0"
  dependencies:
    constantinople: "npm:^4.0.1"
    jstransformer: "npm:1.0.0"
    pug-error: "npm:^2.0.0"
    pug-walk: "npm:^2.0.0"
    resolve: "npm:^1.15.1"
  checksum: 10c0/7ddd62f5eb97f5242858bd56d93ffed387fef3742210a53770c980020cf91a34384b84b7fc8f0de185b43dfa77de2c4d0f63f575a4c5b3887fdef4e64b8d559d
  languageName: node
  linkType: hard

"pug-lexer@npm:^5.0.1":
  version: 5.0.1
  resolution: "pug-lexer@npm:5.0.1"
  dependencies:
    character-parser: "npm:^2.2.0"
    is-expression: "npm:^4.0.0"
    pug-error: "npm:^2.0.0"
  checksum: 10c0/24195a5681953ab91c6a3ccd80a643f760dddb65e2f266bf8ccba145018ba0271536efe1572de2c2224163eb00873c2f1df0ad7ea7aa8bcbf79a66b586ca8435
  languageName: node
  linkType: hard

"pug-linker@npm:^4.0.0":
  version: 4.0.0
  resolution: "pug-linker@npm:4.0.0"
  dependencies:
    pug-error: "npm:^2.0.0"
    pug-walk: "npm:^2.0.0"
  checksum: 10c0/db754ff34cdd4ba9d9e2d9535cce2a74178f2172e848a5fa6381907cb5bfaa0d39d4cc3eb29893d35fc1c417e83ae3cfd434640ba7d3b635c63199104fae976c
  languageName: node
  linkType: hard

"pug-load@npm:^3.0.0":
  version: 3.0.0
  resolution: "pug-load@npm:3.0.0"
  dependencies:
    object-assign: "npm:^4.1.1"
    pug-walk: "npm:^2.0.0"
  checksum: 10c0/2a7659dfaf9872dd25d851f85e4c27fa447d907b1db3540030cd844614159ff181e067d8f2bedf90eb6b5b1ff03747253859ecbbb822e40f4834b15591d4e108
  languageName: node
  linkType: hard

"pug-parser@npm:^6.0.0":
  version: 6.0.0
  resolution: "pug-parser@npm:6.0.0"
  dependencies:
    pug-error: "npm:^2.0.0"
    token-stream: "npm:1.0.0"
  checksum: 10c0/faa6cec43afdeb2705eb8c68dfdb2e65836238df8043ae55295ffb72450b8c7a990ea1be60adbde19f58988b9e1d18a84ea42453e2c4f104d0031f78fda737b2
  languageName: node
  linkType: hard

"pug-runtime@npm:^3.0.0, pug-runtime@npm:^3.0.1":
  version: 3.0.1
  resolution: "pug-runtime@npm:3.0.1"
  checksum: 10c0/0db8166d2e17695a6941d1de81dcb21c8a52921299b1e03bf6a0a3d2b0036b51cf98101b3937b731c745e8d3e0268cb0b728c02f61a80a25fcfaa15c594fb1be
  languageName: node
  linkType: hard

"pug-strip-comments@npm:^2.0.0":
  version: 2.0.0
  resolution: "pug-strip-comments@npm:2.0.0"
  dependencies:
    pug-error: "npm:^2.0.0"
  checksum: 10c0/ca498adedaeba51dd836b20129bbd161e2d5a397a2baaa553b1e74e888caa2258dcd7326396fc6f8fed8c7b7f906cfebc4c386ccbee8888a27b2ca0d4d86d206
  languageName: node
  linkType: hard

"pug-walk@npm:^2.0.0":
  version: 2.0.0
  resolution: "pug-walk@npm:2.0.0"
  checksum: 10c0/005d63177bcf057f5a618b182f6d4600afb039200b07a381a0d89288a2b3126e763a0a6c40b758eab0731c8e63cad1bbcb46d96803b9ae9cfc879f6ef5a0f8f4
  languageName: node
  linkType: hard

"pug@npm:^3.0.2":
  version: 3.0.2
  resolution: "pug@npm:3.0.2"
  dependencies:
    pug-code-gen: "npm:^3.0.2"
    pug-filters: "npm:^4.0.0"
    pug-lexer: "npm:^5.0.1"
    pug-linker: "npm:^4.0.0"
    pug-load: "npm:^3.0.0"
    pug-parser: "npm:^6.0.0"
    pug-runtime: "npm:^3.0.1"
    pug-strip-comments: "npm:^2.0.0"
  checksum: 10c0/1d4d33e577a59f2df50bbb75aadebe67896c93046627a7435005bda693c34cf6023d814bd424d9b06b7842b03587da5ec66baedf7c49320a697696574302120b
  languageName: node
  linkType: hard

"resolve@npm:^1.15.1":
  version: 1.22.0
  resolution: "resolve@npm:1.22.0"
  dependencies:
    is-core-module: "npm:^2.8.1"
    path-parse: "npm:^1.0.7"
    supports-preserve-symlinks-flag: "npm:^1.0.0"
  bin:
    resolve: bin/resolve
  checksum: 10c0/efe07a7cd69015a95a5f4e6cc3d372354b93d67a70410ec686413b2054dfa0d5ef16ff52c057a83634debb17f278b99db6dbc60367a4475ae01dda29c6eaa6e4
  languageName: node
  linkType: hard

"resolve@patch:resolve@npm%3A^1.15.1#optional!builtin<compat/resolve>":
  version: 1.22.0
  resolution: "resolve@patch:resolve@npm%3A1.22.0#optional!builtin<compat/resolve>::version=1.22.0&hash=c3c19d"
  dependencies:
    is-core-module: "npm:^2.8.1"
    path-parse: "npm:^1.0.7"
    supports-preserve-symlinks-flag: "npm:^1.0.0"
  bin:
    resolve: bin/resolve
  checksum: 10c0/ef8061e81f40c39070748e8e263c8767d8fcc7c34e9ee85211b29fbc2aedb1ae7cda7d735c2cdbe9367060e9f85ec11c2694e370c121c6bcbb472a7bd0b19555
  languageName: node
  linkType: hard

"supports-preserve-symlinks-flag@npm:^1.0.0":
  version: 1.0.0
  resolution: "supports-preserve-symlinks-flag@npm:1.0.0"
  checksum: 10c0/6c4032340701a9950865f7ae8ef38578d8d7053f5e10518076e6554a9381fa91bd9c6850193695c141f32b21f979c985db07265a758867bac95de05f7d8aeb39
  languageName: node
  linkType: hard

"to-fast-properties@npm:^2.0.0":
  version: 2.0.0
  resolution: "to-fast-properties@npm:2.0.0"
  checksum: 10c0/b214d21dbfb4bce3452b6244b336806ffea9c05297148d32ebb428d5c43ce7545bdfc65a1ceb58c9ef4376a65c0cb2854d645f33961658b3e3b4f84910ddcdd7
  languageName: node
  linkType: hard

"token-stream@npm:1.0.0":
  version: 1.0.0
  resolution: "token-stream@npm:1.0.0"
  checksum: 10c0/c1924a89686fc035d579cbe856da12306571d5fe7408eeeebe80df7c25c5cc644b8ae102d5cbc0f085d0e105f391d1a48dc0e568520434c5b444ea6c7de2b822
  languageName: node
  linkType: hard

"void-elements@npm:^3.1.0":
  version: 3.1.0
  resolution: "void-elements@npm:3.1.0"
  checksum: 10c0/0b8686f9f9aa44012e9bd5eabf287ae0cde409b9a2854c5a2335cb83920c957668ac5876e3f0d158dd424744ac411a7270e64128556b451ed3bec875ef18534d
  languageName: node
  linkType: hard

"with@npm:^7.0.0":
  version: 7.0.2
  resolution: "with@npm:7.0.2"
  dependencies:
    "@babel/parser": "npm:^7.9.6"
    "@babel/types": "npm:^7.9.6"
    assert-never: "npm:^1.2.1"
    babel-walk: "npm:3.0.0-canary-5"
  checksum: 10c0/99289e49afc4b1776afae0ef85e84cfa775e8e07464d2b9853a31b0822347031d1cf77f287d25adc8c3f81e4fa68f4ee31526a9c95d4981ba08a1fe24dee111a
  languageName: node
  linkType: hard
